{
    "_meta": {
        "hash": {
            "sha256": "842cd4bbaadd7692fad766c0164e14d586360145b45d235f66c3c26329024fe2"
        },
        "pipfile-spec": 6,
        "requires": {
            "python_version": "3.9"
        },
        "sources": [
            {
                "name": "pypi",
                "url": "https://pypi.org/simple",
                "verify_ssl": true
            }
        ]
    },
    "default": {
        "asyncio": {
            "hashes": [
                "sha256:83360ff8bc97980e4ff25c964c7bd3923d333d177aa4f7fb736b019f26c7cb41",
                "sha256:b62c9157d36187eca799c378e572c969f0da87cd5fc42ca372d92cdb06e7e1de",
                "sha256:c46a87b48213d7464f22d9a497b9eef8c1928b68320a2fa94240f969f6fec08c",
                "sha256:c4d18b22701821de07bd6aea8b53d21449ec0ec5680645e5317062ea21817d2d"
            ],
            "index": "pypi",
            "version": "==3.4.3"
        },
        "datetime": {
            "hashes": [
                "sha256:074b0c63d4328f4de30662786fa436a0567145b2ab02f47be5af68f58afc03ec",
                "sha256:4fcca115ddb466a1104df08d5c2a2f5805d14ca317800e1bfcea8f3d69f66e57"
            ],
            "index": "pypi",
            "version": "==4.4"
        },
        "pytz": {
            "hashes": [
                "sha256:3672058bc3453457b622aab7a1c3bfd5ab0bdae451512f6cf25f64ed37f5b87c",
                "sha256:acad2d8b20a1af07d4e4c9d2e9285c5ed9104354062f275f3fcd88dcef4f1326"
            ],
            "version": "==2021.3"
        },
        "websockets": {
            "hashes": [
                "sha256:038afef2a05893578d10dadbdbb5f112bd115c46347e1efe99f6a356ff062138",
                "sha256:05f6e9757017270e7a92a2975e2ae88a9a582ffc4629086fd6039aa80e99cd86",
                "sha256:0b66421f9f13d4df60cd48ab977ed2c2b6c9147ae1a33caf5a9f46294422fda1",
                "sha256:0cd02f36d37e503aca88ab23cc0a1a0e92a263d37acf6331521eb38040dcf77b",
                "sha256:0f73cb2526d6da268e86977b2c4b58f2195994e53070fe567d5487c6436047e6",
                "sha256:117383d0a17a0dda349f7a8790763dde75c1508ff8e4d6e8328b898b7df48397",
                "sha256:1c1f3b18c8162e3b09761d0c6a0305fd642934202541cc511ef972cb9463261e",
                "sha256:1c9031e90ebfc486e9cdad532b94004ade3aa39a31d3c46c105bb0b579cd2490",
                "sha256:2349fa81b6b959484bb2bda556ccb9eb70ba68987646a0f8a537a1a18319fb03",
                "sha256:24b879ba7db12bb525d4e58089fcbe6a3df3ce4666523183654170e86d372cbe",
                "sha256:2aa9b91347ecd0412683f28aabe27f6bad502d89bd363b76e0a3508b1596402e",
                "sha256:56d48eebe9e39ce0d68701bce3b21df923aa05dcc00f9fd8300de1df31a7c07c",
                "sha256:5a38a0175ae82e4a8c4bac29fc01b9ee26d7d5a614e5ee11e7813c68a7d938ce",
                "sha256:5b04270b5613f245ec84bb2c6a482a9d009aefad37c0575f6cda8499125d5d5c",
                "sha256:6193bbc1ee63aadeb9a4d81de0e19477401d150d506aee772d8380943f118186",
                "sha256:669e54228a4d9457abafed27cbf0e2b9f401445c4dfefc12bf8e4db9751703b8",
                "sha256:6a009eb551c46fd79737791c0c833fc0e5b56bcd1c3057498b262d660b92e9cd",
                "sha256:71a4491cfe7a9f18ee57d41163cb6a8a3fa591e0f0564ca8b0ed86b2a30cced4",
                "sha256:7b38a5c9112e3dbbe45540f7b60c5204f49b3cb501b40950d6ab34cd202ab1d0",
                "sha256:7bb9d8a6beca478c7e9bdde0159bd810cc1006ad6a7cb460533bae39da692ca2",
                "sha256:82bc33db6d8309dc27a3bee11f7da2288ad925fcbabc2a4bb78f7e9c56249baf",
                "sha256:8351c3c86b08156337b0e4ece0e3c5ec3e01fcd14e8950996832a23c99416098",
                "sha256:8beac786a388bb99a66c3be4ab0fb38273c0e3bc17f612a4e0a47c4fc8b9c045",
                "sha256:97950c7c844ec6f8d292440953ae18b99e3a6a09885e09d20d5e7ecd9b914cf8",
                "sha256:98f57b3120f8331cd7440dbe0e776474f5e3632fdaa474af1f6b754955a47d71",
                "sha256:9ca2ca05a4c29179f06cf6727b45dba5d228da62623ec9df4184413d8aae6cb9",
                "sha256:a03a25d95cc7400bd4d61a63460b5d85a7761c12075ee2f51de1ffe73aa593d3",
                "sha256:a10c0c1ee02164246f90053273a42d72a3b2452a7e7486fdae781138cf7fbe2d",
                "sha256:a72b92f96e5e540d5dda99ee3346e199ade8df63152fa3c737260da1730c411f",
                "sha256:ac081aa0307f263d63c5ff0727935c736c8dad51ddf2dc9f5d0c4759842aefaa",
                "sha256:b22bdc795e62e71118b63e14a08bacfa4f262fd2877de7e5b950f5ac16b0348f",
                "sha256:b4059e2ccbe6587b6dc9a01db5fc49ead9a884faa4076eea96c5ec62cb32f42a",
                "sha256:b7fe45ae43ac814beb8ca09d6995b56800676f2cfa8e23f42839dc69bba34a42",
                "sha256:bef03a51f9657fb03d8da6ccd233fe96e04101a852f0ffd35f5b725b28221ff3",
                "sha256:bffc65442dd35c473ca9790a3fa3ba06396102a950794f536783f4b8060af8dd",
                "sha256:c21a67ab9a94bd53e10bba21912556027fea944648a09e6508415ad14e37c325",
                "sha256:c67d9cacb3f6537ca21e9b224d4fd08481538e43bcac08b3d93181b0816def39",
                "sha256:c6e56606842bb24e16e36ae7eb308d866b4249cf0be8f63b212f287eeb76b124",
                "sha256:cb316b87cbe3c0791c2ad92a5a36bf6adc87c457654335810b25048c1daa6fd5",
                "sha256:cef40a1b183dcf39d23b392e9dd1d9b07ab9c46aadf294fff1350fb79146e72b",
                "sha256:cf931c33db9c87c53d009856045dd524e4a378445693382a920fa1e0eb77c36c",
                "sha256:d4d110a84b63c5cfdd22485acc97b8b919aefeecd6300c0c9d551e055b9a88ea",
                "sha256:d5396710f86a306cf52f87fd8ea594a0e894ba0cc5a36059eaca3a477dc332aa",
                "sha256:f09f46b1ff6d09b01c7816c50bd1903cf7d02ebbdb63726132717c2fcda835d5",
                "sha256:f14bd10e170abc01682a9f8b28b16e6f20acf6175945ef38db6ffe31b0c72c3f",
                "sha256:f5c335dc0e7dc271ef36df3f439868b3c790775f345338c2f61a562f1074187b",
                "sha256:f8296b8408ec6853b26771599990721a26403e62b9de7e50ac0a056772ac0b5e",
                "sha256:fa35c5d1830d0fb7b810324e9eeab9aa92e8f273f11fdbdc0741dcded6d72b9f"
            ],
            "index": "pypi",
            "version": "==10.2"
        },
        "zope.interface": {
            "hashes": [
                "sha256:08f9636e99a9d5410181ba0729e0408d3d8748026ea938f3b970a0249daa8192",
                "sha256:0b465ae0962d49c68aa9733ba92a001b2a0933c317780435f00be7ecb959c702",
                "sha256:0cba8477e300d64a11a9789ed40ee8932b59f9ee05f85276dbb4b59acee5dd09",
                "sha256:0cee5187b60ed26d56eb2960136288ce91bcf61e2a9405660d271d1f122a69a4",
                "sha256:0ea1d73b7c9dcbc5080bb8aaffb776f1c68e807767069b9ccdd06f27a161914a",
                "sha256:0f91b5b948686659a8e28b728ff5e74b1be6bf40cb04704453617e5f1e945ef3",
                "sha256:15e7d1f7a6ee16572e21e3576d2012b2778cbacf75eb4b7400be37455f5ca8bf",
                "sha256:17776ecd3a1fdd2b2cd5373e5ef8b307162f581c693575ec62e7c5399d80794c",
                "sha256:194d0bcb1374ac3e1e023961610dc8f2c78a0f5f634d0c737691e215569e640d",
                "sha256:1c0e316c9add0db48a5b703833881351444398b04111188069a26a61cfb4df78",
                "sha256:205e40ccde0f37496904572035deea747390a8b7dc65146d30b96e2dd1359a83",
                "sha256:273f158fabc5ea33cbc936da0ab3d4ba80ede5351babc4f577d768e057651531",
                "sha256:2876246527c91e101184f63ccd1d716ec9c46519cc5f3d5375a3351c46467c46",
                "sha256:2c98384b254b37ce50eddd55db8d381a5c53b4c10ee66e1e7fe749824f894021",
                "sha256:2e5a26f16503be6c826abca904e45f1a44ff275fdb7e9d1b75c10671c26f8b94",
                "sha256:334701327f37c47fa628fc8b8d28c7d7730ce7daaf4bda1efb741679c2b087fc",
                "sha256:3748fac0d0f6a304e674955ab1365d515993b3a0a865e16a11ec9d86fb307f63",
                "sha256:3c02411a3b62668200910090a0dff17c0b25aaa36145082a5a6adf08fa281e54",
                "sha256:3dd4952748521205697bc2802e4afac5ed4b02909bb799ba1fe239f77fd4e117",
                "sha256:3f24df7124c323fceb53ff6168da70dbfbae1442b4f3da439cd441681f54fe25",
                "sha256:469e2407e0fe9880ac690a3666f03eb4c3c444411a5a5fddfdabc5d184a79f05",
                "sha256:4de4bc9b6d35c5af65b454d3e9bc98c50eb3960d5a3762c9438df57427134b8e",
                "sha256:5208ebd5152e040640518a77827bdfcc73773a15a33d6644015b763b9c9febc1",
                "sha256:52de7fc6c21b419078008f697fd4103dbc763288b1406b4562554bd47514c004",
                "sha256:5bb3489b4558e49ad2c5118137cfeaf59434f9737fa9c5deefc72d22c23822e2",
                "sha256:5dba5f530fec3f0988d83b78cc591b58c0b6eb8431a85edd1569a0539a8a5a0e",
                "sha256:5dd9ca406499444f4c8299f803d4a14edf7890ecc595c8b1c7115c2342cadc5f",
                "sha256:5f931a1c21dfa7a9c573ec1f50a31135ccce84e32507c54e1ea404894c5eb96f",
                "sha256:63b82bb63de7c821428d513607e84c6d97d58afd1fe2eb645030bdc185440120",
                "sha256:66c0061c91b3b9cf542131148ef7ecbecb2690d48d1612ec386de9d36766058f",
                "sha256:6f0c02cbb9691b7c91d5009108f975f8ffeab5dff8f26d62e21c493060eff2a1",
                "sha256:71aace0c42d53abe6fc7f726c5d3b60d90f3c5c055a447950ad6ea9cec2e37d9",
                "sha256:7d97a4306898b05404a0dcdc32d9709b7d8832c0c542b861d9a826301719794e",
                "sha256:7df1e1c05304f26faa49fa752a8c690126cf98b40b91d54e6e9cc3b7d6ffe8b7",
                "sha256:8270252effc60b9642b423189a2fe90eb6b59e87cbee54549db3f5562ff8d1b8",
                "sha256:867a5ad16892bf20e6c4ea2aab1971f45645ff3102ad29bd84c86027fa99997b",
                "sha256:877473e675fdcc113c138813a5dd440da0769a2d81f4d86614e5d62b69497155",
                "sha256:8892f89999ffd992208754851e5a052f6b5db70a1e3f7d54b17c5211e37a98c7",
                "sha256:9a9845c4c6bb56e508651f005c4aeb0404e518c6f000d5a1123ab077ab769f5c",
                "sha256:a1e6e96217a0f72e2b8629e271e1b280c6fa3fe6e59fa8f6701bec14e3354325",
                "sha256:a8156e6a7f5e2a0ff0c5b21d6bcb45145efece1909efcbbbf48c56f8da68221d",
                "sha256:a9506a7e80bcf6eacfff7f804c0ad5350c8c95b9010e4356a4b36f5322f09abb",
                "sha256:af310ec8335016b5e52cae60cda4a4f2a60a788cbb949a4fbea13d441aa5a09e",
                "sha256:b0297b1e05fd128d26cc2460c810d42e205d16d76799526dfa8c8ccd50e74959",
                "sha256:bf68f4b2b6683e52bec69273562df15af352e5ed25d1b6641e7efddc5951d1a7",
                "sha256:d0c1bc2fa9a7285719e5678584f6b92572a5b639d0e471bb8d4b650a1a910920",
                "sha256:d4d9d6c1a455d4babd320203b918ccc7fcbefe308615c521062bc2ba1aa4d26e",
                "sha256:db1fa631737dab9fa0b37f3979d8d2631e348c3b4e8325d6873c2541d0ae5a48",
                "sha256:dd93ea5c0c7f3e25335ab7d22a507b1dc43976e1345508f845efc573d3d779d8",
                "sha256:f44e517131a98f7a76696a7b21b164bcb85291cee106a23beccce454e1f433a4",
                "sha256:f7ee479e96f7ee350db1cf24afa5685a5899e2b34992fb99e1f7c1b0b758d263"
            ],
            "markers": "python_version >= '2.7' and python_version not in '3.0, 3.1, 3.2, 3.3, 3.4'",
            "version": "==5.4.0"
        }
    },
    "develop": {
        "autopep8": {
            "hashes": [
                "sha256:44f0932855039d2c15c4510d6df665e4730f2b8582704fa48f9c55bd3e17d979",
                "sha256:ed77137193bbac52d029a52c59bec1b0629b5a186c495f1eb21b126ac466083f"
            ],
            "index": "pypi",
            "version": "==1.6.0"
        },
        "pycodestyle": {
            "hashes": [
                "sha256:720f8b39dde8b293825e7ff02c475f3077124006db4f440dcbc9a20b76548a20",
                "sha256:eddd5847ef438ea1c7870ca7eb78a9d47ce0cdb4851a5523949f2601d0cbbe7f"
            ],
            "markers": "python_version >= '2.7' and python_version not in '3.0, 3.1, 3.2, 3.3, 3.4'",
            "version": "==2.8.0"
        },
        "toml": {
            "hashes": [
                "sha256:806143ae5bfb6a3c6e736a764057db0e6a0e05e338b5630894a5f779cabb4f9b",
                "sha256:b3bda1d108d5dd99f4a20d24d9c348e91c4db7ab1b749200bded2f839ccbe68f"
            ],
            "markers": "python_version >= '2.6' and python_version not in '3.0, 3.1, 3.2, 3.3'",
            "version": "==0.10.2"
        }
    }
}
